// !$*UTF8*$!
{
	archiveVersion = 1;
	classes = {
	};
	objectVersion = 46;
	objects = {

/* Begin PBXBuildFile section */
		2BFFE70B1C5004D400E65695 /* main.m in Sources */ = {isa = PBXBuildFile; fileRef = 2BFFE70A1C5004D400E65695 /* main.m */; };
		2BFFE70E1C5004D400E65695 /* AppDelegate.m in Sources */ = {isa = PBXBuildFile; fileRef = 2BFFE70D1C5004D400E65695 /* AppDelegate.m */; };
		2BFFE7111C5004D400E65695 /* ViewController.m in Sources */ = {isa = PBXBuildFile; fileRef = 2BFFE7101C5004D400E65695 /* ViewController.m */; };
		2BFFE7141C5004D400E65695 /* Main.storyboard in Resources */ = {isa = PBXBuildFile; fileRef = 2BFFE7121C5004D400E65695 /* Main.storyboard */; };
		2BFFE7161C5004D400E65695 /* Assets.xcassets in Resources */ = {isa = PBXBuildFile; fileRef = 2BFFE7151C5004D400E65695 /* Assets.xcassets */; };
		2BFFE7191C5004D400E65695 /* LaunchScreen.storyboard in Resources */ = {isa = PBXBuildFile; fileRef = 2BFFE7171C5004D400E65695 /* LaunchScreen.storyboard */; };
/* End PBXBuildFile section */

/* Begin PBXFileReference section */
		2BFFE7061C5004D400E65695 /* PersonalTracker (objc).app */ = {isa = PBXFileReference; explicitFileType = wrapper.application; includeInIndex = 0; path = "PersonalTracker (objc).app"; sourceTree = BUILT_PRODUCTS_DIR; };
		2BFFE70A1C5004D400E65695 /* main.m */ = {isa = PBXFileReference; lastKnownFileType = sourcecode.c.objc; path = main.m; sourceTree = "<group>"; };
		2BFFE70C1C5004D400E65695 /* AppDelegate.h */ = {isa = PBXFileReference; lastKnownFileType = sourcecode.c.h; path = AppDelegate.h; sourceTree = "<group>"; };
		2BFFE70D1C5004D400E65695 /* AppDelegate.m */ = {isa = PBXFileReference; lastKnownFileType = sourcecode.c.objc; path = AppDelegate.m; sourceTree = "<group>"; };
		2BFFE70F1C5004D400E65695 /* ViewController.h */ = {isa = PBXFileReference; lastKnownFileType = sourcecode.c.h; path = ViewController.h; sourceTree = "<group>"; };
		2BFFE7101C5004D400E65695 /* ViewController.m */ = {isa = PBXFileReference; lastKnownFileType = sourcecode.c.objc; path = ViewController.m; sourceTree = "<group>"; };
		2BFFE7131C5004D400E65695 /* Base */ = {isa = PBXFileReference; lastKnownFileType = file.storyboard; name = Base; path = Base.lproj/Main.storyboard; sourceTree = "<group>"; };
		2BFFE7151C5004D400E65695 /* Assets.xcassets */ = {isa = PBXFileReference; lastKnownFileType = folder.assetcatalog; path = Assets.xcassets; sourceTree = "<group>"; };
		2BFFE7181C5004D400E65695 /* Base */ = {isa = PBXFileReference; lastKnownFileType = file.storyboard; name = Base; path = Base.lproj/LaunchScreen.storyboard; sourceTree = "<group>"; };
		2BFFE71A1C5004D400E65695 /* Info.plist */ = {isa = PBXFileReference; lastKnownFileType = text.plist.xml; path = Info.plist; sourceTree = "<group>"; };
/* End PBXFileReference section */

/* Begin PBXFrameworksBuildPhase section */
		2BFFE7031C5004D400E65695 /* Frameworks */ = {
			isa = PBXFrameworksBuildPhase;
			buildActionMask = 2147483647;
			files = (
			);
			runOnlyForDeploymentPostprocessing = 0;
		};
/* End PBXFrameworksBuildPhase section */

/* Begin PBXGroup section */
		2BFFE6FD1C5004D400E65695 = {
			isa = PBXGroup;
			children = (
				2BFFE7081C5004D400E65695 /* PersonalTracker (objc) */,
				2BFFE7071C5004D400E65695 /* Products */,
			);
			sourceTree = "<group>";
		};
		2BFFE7071C5004D400E65695 /* Products */ = {
			isa = PBXGroup;
			children = (
				2BFFE7061C5004D400E65695 /* PersonalTracker (objc).app */,
			);
			name = Products;
			sourceTree = "<group>";
		};
		2BFFE7081C5004D400E65695 /* PersonalTracker (objc) */ = {
			isa = PBXGroup;
			children = (
				2BFFE70C1C5004D400E65695 /* AppDelegate.h */,
				2BFFE70D1C5004D400E65695 /* AppDelegate.m */,
				2BFFE70F1C5004D400E65695 /* ViewController.h */,
				2BFFE7101C5004D400E65695 /* ViewController.m */,
				2BFFE7121C5004D400E65695 /* Main.storyboard */,
				2BFFE7151C5004D400E65695 /* Assets.xcassets */,
				2BFFE7171C5004D400E65695 /* LaunchScreen.storyboard */,
				2BFFE71A1C5004D400E65695 /* Info.plist */,
				2BFFE7091C5004D400E65695 /* Supporting Files */,
			);
			path = "PersonalTracker (objc)";
			sourceTree = "<group>";
		};
		2BFFE7091C5004D400E65695 /* Supporting Files */ = {
			isa = PBXGroup;
			children = (
				2BFFE70A1C5004D400E65695 /* main.m */,
			);
			name = "Supporting Files";
			sourceTree = "<group>";
		};
/* End PBXGroup section */

/* Begin PBXNativeTarget section */
		2BFFE7051C5004D400E65695 /* PersonalTracker (objc) */ = {
			isa = PBXNativeTarget;
			buildConfigurationList = 2BFFE71D1C5004D400E65695 /* Build configuration list for PBXNativeTarget "PersonalTracker (objc)" */;
			buildPhases = (
				2BFFE7021C5004D400E65695 /* Sources */,
				2BFFE7031C5004D400E65695 /* Frameworks */,
				2BFFE7041C5004D400E65695 /* Resources */,
			);
			buildRules = (
			);
			dependencies = (
			);
			name = "PersonalTracker (objc)";
			productName = "PersonalTracker (objc)";
			productReference = 2BFFE7061C5004D400E65695 /* PersonalTracker (objc).app */;
			productType = "com.apple.product-type.application";
		};
/* End PBXNativeTarget section */

/* Begin PBXProject section */
		2BFFE6FE1C5004D400E65695 /* Project object */ = {
			isa = PBXProject;
			attributes = {
				LastUpgradeCheck = 0720;
				ORGANIZATIONNAME = "Cocoa Academy";
				TargetAttributes = {
					2BFFE7051C5004D400E65695 = {
						CreatedOnToolsVersion = 7.2;
					};
				};
			};
			buildConfigurationList = 2BFFE7011C5004D400E65695 /* Build configuration list for PBXProject "PersonalTracker (objc)" */;
			compatibilityVersion = "Xcode 3.2";
			developmentRegion = English;
			hasScannedForEncodings = 0;
			knownRegions = (
				en,
				Base,
			);
			mainGroup = 2BFFE6FD1C5004D400E65695;
			productRefGroup = 2BFFE7071C5004D400E65695 /* Products */;
			projectDirPath = "";
			projectRoot = "";
			targets = (
				2BFFE7051C5004D400E65695 /* PersonalTracker (objc) */,
			);
		};
/* End PBXProject section */

/* Begin PBXResourcesBuildPhase section */
		2BFFE7041C5004D400E65695 /* Resources */ = {
			isa = PBXResourcesBuildPhase;
			buildActionMask = 2147483647;
			files = (
				2BFFE7191C5004D400E65695 /* LaunchScreen.storyboard in Resources */,
				2BFFE7161C5004D400E65695 /* Assets.xcassets in Resources */,
				2BFFE7141C5004D400E65695 /* Main.storyboard in Resources */,
			);
			runOnlyForDeploymentPostprocessing = 0;
		};
/* End PBXResourcesBuildPhase section */

/* Begin PBXSourcesBuildPhase section */
		2BFFE7021C5004D400E65695 /* Sources */ = {
			isa = PBXSourcesBuildPhase;
			buildActionMask = 2147483647;
			files = (
				2BFFE7111C5004D400E65695 /* ViewController.m in Sources */,
				2BFFE70E1C5004D400E65695 /* AppDelegate.m in Sources */,
				2BFFE70B1C5004D400E65695 /* main.m in Sources */,
			);
			runOnlyForDeploymentPostprocessing = 0;
		};
/* End PBXSourcesBuildPhase section */

/* Begin PBXVariantGroup section */
		2BFFE7121C5004D400E65695 /* Main.storyboard */ = {
			isa = PBXVariantGroup;
			children = (
				2BFFE7131C5004D400E65695 /* Base */,
			);
			name = Main.storyboard;
			sourceTree = "<group>";
		};
		2BFFE7171C5004D400E65695 /* LaunchScreen.storyboard */ = {
			isa = PBXVariantGroup;
			children = (
				2BFFE7181C5004D400E65695 /* Base */,
			);
			name = LaunchScreen.storyboard;
			sourceTree = "<group>";
		};
/* End PBXVariantGroup section */

/* Begin XCBuildConfiguration section */
		2BFFE71B1C5004D400E65695 /* Debug */ = {
			isa = XCBuildConfiguration;
			buildSettings = {
				ALWAYS_SEARCH_USER_PATHS = NO;
				CLANG_CXX_LANGUAGE_STANDARD = "gnu++0x";
				CLANG_CXX_LIBRARY = "libc++";
				CLANG_ENABLE_MODULES = YES;
				CLANG_ENABLE_OBJC_ARC = YES;
				CLANG_WARN_BOOL_CONVERSION = YES;
				CLANG_WARN_CONSTANT_CONVERSION = YES;
				CLANG_WARN_DIRECT_OBJC_ISA_USAGE = YES_ERROR;
				CLANG_WARN_EMPTY_BODY = YES;
				CLANG_WARN_ENUM_CONVERSION = YES;
				CLANG_WARN_INT_CONVERSION = YES;
				CLANG_WARN_OBJC_ROOT_CLASS = YES_ERROR;
				CLANG_WARN_UNREACHABLE_CODE = YES;
				CLANG_WARN__DUPLICATE_METHOD_MATCH = YES;
				"CODE_SIGN_IDENTITY[sdk=iphoneos*]" = "iPhone Developer";
				COPY_PHASE_STRIP = NO;
				DEBUG_INFORMATION_FORMAT = dwarf;
				ENABLE_STRICT_OBJC_MSGSEND = YES;
				ENABLE_TESTABILITY = YES;
				GCC_C_LANGUAGE_STANDARD = gnu99;
				GCC_DYNAMIC_NO_PIC = NO;
				GCC_NO_COMMON_BLOCKS = YES;
				GCC_OPTIMIZATION_LEVEL = 0;
				GCC_PREPROCESSOR_DEFINITIONS = (
					"DEBUG=1",
					"$(inherited)",
				);
				GCC_WARN_64_TO_32_BIT_CONVERSION = YES;
				GCC_WARN_ABOUT_RETURN_TYPE = YES_ERROR;
				GCC_WARN_UNDECLARED_SELECTOR = YES;
				GCC_WARN_UNINITIALIZED_AUTOS = YES_AGGRESSIVE;
				GCC_WARN_UNUSED_FUNCTION = YES;
				GCC_WARN_UNUSED_VARIABLE = YES;
				IPHONEOS_DEPLOYMENT_TARGET = 9.2;
				MTL_ENABLE_DEBUG_INFO = YES;
				ONLY_ACTIVE_ARCH = YES;
				SDKROOT = iphoneos;
			};
			name = Debug;
		};
		2BFFE71C1C5004D400E65695 /* Release */ = {
			isa = XCBuildConfiguration;
			buildSettings = {
				ALWAYS_SEARCH_USER_PATHS = NO;
				CLANG_CXX_LANGUAGE_STANDARD = "gnu++0x";
				CLANG_CXX_LIBRARY = "libc++";
				CLANG_ENABLE_MODULES = YES;
				CLANG_ENABLE_OBJC_ARC = YES;
				CLANG_WARN_BOOL_CONVERSION = YES;
				CLANG_WARN_CONSTANT_CONVERSION = YES;
				CLANG_WARN_DIRECT_OBJC_ISA_USAGE = YES_ERROR;
				CLANG_WARN_EMPTY_BODY = YES;
				CLANG_WARN_ENUM_CONVERSION = YES;
				CLANG_WARN_INT_CONVERSION = YES;
				CLANG_WARN_OBJC_ROOT_CLASS = YES_ERROR;
				CLANG_WARN_UNREACHABLE_CODE = YES;
				CLANG_WARN__DUPLICATE_METHOD_MATCH = YES;
				"CODE_SIGN_IDENTITY[sdk=iphoneos*]" = "iPhone Developer";
				COPY_PHASE_STRIP = NO;
				DEBUG_INFORMATION_FORMAT = "dwarf-with-dsym";
				ENABLE_NS_ASSERTIONS = NO;
				ENABLE_STRICT_OBJC_MSGSEND = YES;
				GCC_C_LANGUAGE_STANDARD = gnu99;
				GCC_NO_COMMON_BLOCKS = YES;
				GCC_WARN_64_TO_32_BIT_CONVERSION = YES;
				GCC_WARN_ABOUT_RETURN_TYPE = YES_ERROR;
				GCC_WARN_UNDECLARED_SELECTOR = YES;
				GCC_WARN_UNINITIALIZED_AUTOS = YES_AGGRESSIVE;
				GCC_WARN_UNUSED_FUNCTION = YES;
				GCC_WARN_UNUSED_VARIABLE = YES;
				IPHONEOS_DEPLOYMENT_TARGET = 9.2;
				MTL_ENABLE_DEBUG_INFO = NO;
				SDKROOT = iphoneos;
				VALIDATE_PRODUCT = YES;
			};
			name = Release;
		};
		2BFFE71E1C5004D400E65695 /* Debug */ = {
			isa = XCBuildConfiguration;
			buildSettings = {
				ASSETCATALOG_COMPILER_APPICON_NAME = AppIcon;
				INFOPLIST_FILE = "PersonalTracker (objc)/Info.plist";
				LD_RUNPATH_SEARCH_PATHS = "$(inherited) @executable_path/Frameworks";
				PRODUCT_BUNDLE_IDENTIFIER = "academy.cocoa.PersonalTracker--objc-";
				PRODUCT_NAME = "$(TARGET_NAME)";
			};
			name = Debug;
		};
		2BFFE71F1C5004D400E65695 /* Release */ = {
			isa = XCBuildConfiguration;
			buildSettings = {
				ASSETCATALOG_COMPILER_APPICON_NAME = AppIcon;
				INFOPLIST_FILE = "PersonalTracker (objc)/Info.plist";
				LD_RUNPATH_SEARCH_PATHS = "$(inherited) @executable_path/Frameworks";
				PRODUCT_BUNDLE_IDENTIFIER = "academy.cocoa.PersonalTracker--objc-";
				PRODUCT_NAME = "$(TARGET_NAME)";
			};
			name = Release;
		};
/* End XCBuildConfiguration section */

/* Begin XCConfigurationList section */
		2BFFE7011C5004D400E65695 /* Build configuration list for PBXProject "PersonalTracker (objc)" */ = {
			isa = XCConfigurationList;
			buildConfigurations = (
				2BFFE71B1C5004D400E65695 /* Debug */,
				2BFFE71C1C5004D400E65695 /* Release */,
			);
			defaultConfigurationIsVisible = 0;
			defaultConfigurationName = Release;
		};
		2BFFE71D1C5004D400E65695 /* Build configuration list for PBXNativeTarget "PersonalTracker (objc)" */ = {
			isa = XCConfigurationList;
			buildConfigurations = (
				2BFFE71E1C5004D400E65695 /* Debug */,
				2BFFE71F1C5004D400E65695 /* Release */,
			);
			defaultConfigurationIsVisible = 0;
		};
/* End XCConfigurationList section */
	};
	rootObject = 2BFFE6FE1C5004D400E65695 /* Project object */;
}
